
Microsoft Visual Studio Solution File, Format Version 12.00
# Visual Studio Version 17
VisualStudioVersion = 17.4.33213.308
MinimumVisualStudioVersion = 10.0.40219.1
Project("{FAE04EC0-301F-11D3-BF4B-00C04F79EFBC}") = "Advanced", "Advanced\Advanced.csproj", "{8696F8A6-25FB-4A9B-9AD4-C5DD8FE9F75F}"
EndProject
Global
	GlobalSection(SolutionConfigurationPlatforms) = preSolution
		Debug|Any CPU = Debug|Any CPU
		Release|Any CPU = Release|Any CPU
	EndGlobalSection
	GlobalSection(ProjectConfigurationPlatforms) = postSolution
		{8696F8A6-25FB-4A9B-9AD4-C5DD8FE9F75F}.Debug|Any CPU.ActiveCfg = Debug|Any CPU
		{8696F8A6-25FB-4A9B-9AD4-C5DD8FE9F75F}.Debug|Any CPU.Build.0 = Debug|Any CPU
		{8696F8A6-25FB-4A9B-9AD4-C5DD8FE9F75F}.Release|Any CPU.ActiveCfg = Release|Any CPU
		{8696F8A6-25FB-4A9B-9AD4-C5DD8FE9F75F}.Release|Any CPU.Build.0 = Release|Any CPU
	EndGlobalSection
	GlobalSection(SolutionProperties) = preSolution
		HideSolutionNode = FALSE
	EndGlobalSection
	GlobalSection(ExtensibilityGlobals) = postSolution
		SolutionGuid = {1DB0F5C8-78E2-4BFF-BDB1-F454BF95A673}
	EndGlobalSection
EndGlobal
